<?xml version="1.0" encoding="utf-8"?>
<Project ToolsVersion="4.0" xmlns="http://schemas.microsoft.com/developer/msbuild/2003">
  <ItemGroup>
    <Filter Include="Fichiers sources">
      <UniqueIdentifier>{4FC737F1-C7A5-4376-A066-2A32D752A2FF}</UniqueIdentifier>
      <Extensions>cpp;c;cc;cxx;def;odl;idl;hpj;bat;asm;asmx</Extensions>
    </Filter>
    <Filter Include="Fichiers d%27en-tête">
      <UniqueIdentifier>{93995380-89BD-4b04-88EB-625FBE52EBFB}</UniqueIdentifier>
      <Extensions>h;hh;hpp;hxx;hm;inl;inc;xsd</Extensions>
    </Filter>
    <Filter Include="Fichiers de ressources">
      <UniqueIdentifier>{67DA6AB6-F800-4c08-8B7A-83BB121AAD01}</UniqueIdentifier>
      <Extensions>rc;ico;cur;bmp;dlg;rc2;rct;bin;rgs;gif;jpg;jpeg;jpe;resx;tiff;tif;png;wav;mfcribbon-ms</Extensions>
    </Filter>
    <Filter Include="Fichiers sources\sub_main">
      <UniqueIdentifier>{0fd5cf2e-ca9e-407f-b006-d587e8a34bc8}</UniqueIdentifier>
    </Filter>
  </ItemGroup>
  <ItemGroup>
    <Text Include="ReadMe.txt" />
  </ItemGroup>
  <ItemGroup>
    <ClCompile Include="main.cpp">
      <Filter>Fichiers sources</Filter>
    </ClCompile>
    <ClCompile Include="AF1.cpp">
      <Filter>Fichiers sources\sub_main</Filter>
    </ClCompile>
    <ClCompile Include="OB1.cpp">
      <Filter>Fichiers sources\sub_main</Filter>
    </ClCompile>
    <ClCompile Include="error_check.cpp">
      <Filter>Fichiers sources\sub_main</Filter>
    </ClCompile>
    <ClCompile Include="stdafx.cpp">
      <Filter>Fichiers sources\sub_main</Filter>
    </ClCompile>
    <ClCompile Include="F_SReader.cpp">
      <Filter>Fichiers sources\sub_main</Filter>
    </ClCompile>
    <ClCompile Include="MUX.cpp">
      <Filter>Fichiers sources\sub_main</Filter>
    </ClCompile>
    <ClCompile Include="BFS.cpp">
      <Filter>Fichiers sources\sub_main</Filter>
    </ClCompile>
    <ClCompile Include="M_S_R_D.cpp">
      <Filter>Fichiers sources\sub_main</Filter>
    </ClCompile>
    <ClCompile Include="MUX_DRI.cpp">
      <Filter>Fichiers sources\sub_main</Filter>
    </ClCompile>
  </ItemGroup>
  <ItemGroup>
    <ClInclude Include="AF1.h">
      <Filter>Fichiers d%27en-tête</Filter>
    </ClInclude>
    <ClInclude Include="error_check.h">
      <Filter>Fichiers d%27en-tête</Filter>
    </ClInclude>
    <ClInclude Include="F_SReader.h">
      <Filter>Fichiers d%27en-tête</Filter>
    </ClInclude>
    <ClInclude Include="MUX.h">
      <Filter>Fichiers d%27en-tête</Filter>
    </ClInclude>
    <ClInclude Include="OB1.h">
      <Filter>Fichiers d%27en-tête</Filter>
    </ClInclude>
    <ClInclude Include="stdafx.h">
      <Filter>Fichiers d%27en-tête</Filter>
    </ClInclude>
    <ClInclude Include="targetver.h">
      <Filter>Fichiers d%27en-tête</Filter>
    </ClInclude>
    <ClInclude Include="BFS.h">
      <Filter>Fichiers d%27en-tête</Filter>
    </ClInclude>
    <ClInclude Include="dll\Elveflow64.h">
      <Filter>Fichiers de ressources</Filter>
    </ClInclude>
    <ClInclude Include="dll\extcode.h">
      <Filter>Fichiers de ressources</Filter>
    </ClInclude>
    <ClInclude Include="dll\fundtypes.h">
      <Filter>Fichiers de ressources</Filter>
    </ClInclude>
    <ClInclude Include="dll\hosttype.h">
      <Filter>Fichiers de ressources</Filter>
    </ClInclude>
    <ClInclude Include="dll\ILVDataInterface.h">
      <Filter>Fichiers de ressources</Filter>
    </ClInclude>
    <ClInclude Include="dll\ILVTypeInterface.h">
      <Filter>Fichiers de ressources</Filter>
    </ClInclude>
    <ClInclude Include="dll\lv_epilog.h">
      <Filter>Fichiers de ressources</Filter>
    </ClInclude>
    <ClInclude Include="dll\lv_prolog.h">
      <Filter>Fichiers de ressources</Filter>
    </ClInclude>
    <ClInclude Include="dll\platdefines.h">
      <Filter>Fichiers de ressources</Filter>
    </ClInclude>
    <ClInclude Include="M_S_R_D.h">
      <Filter>Fichiers d%27en-tête</Filter>
    </ClInclude>
    <ClInclude Include="MUX_DRI.h">
      <Filter>Fichiers d%27en-tête</Filter>
    </ClInclude>
  </ItemGroup>
  <ItemGroup>
    <None Include="dll\Elveflow64.aliases">
      <Filter>Fichiers de ressources</Filter>
    </None>
    <None Include="dll\Elveflow64.dll">
      <Filter>Fichiers de ressources</Filter>
    </None>
    <None Include="dll\Elveflow64.ini">
      <Filter>Fichiers de ressources</Filter>
    </None>
    <None Include="dll\data\lvanlys.dll">
      <Filter>Fichiers de ressources</Filter>
    </None>
  </ItemGroup>
  <ItemGroup>
    <Library Include="dll\Elveflow64.lib">
      <Filter>Fichiers de ressources</Filter>
    </Library>
  </ItemGroup>
</Project>